// !$*UTF8*$!
{
	archiveVersion = 1;
	classes = {
	};
	objectVersion = 50;
	objects = {

/* Begin PBXBuildFile section */
		A13C05CFF48A82574FC37840 /* Pods_rainyshinycloudy.framework in Frameworks */ = {isa = PBXBuildFile; fileRef = 1A371B87172A2CD406AB8247 /* Pods_rainyshinycloudy.framework */; };
		BF5E355C221D7BA30059EEDB /* Constants.swift in Sources */ = {isa = PBXBuildFile; fileRef = BF5E355B221D7BA30059EEDB /* Constants.swift */; };
		BF5E355E221D81EA0059EEDB /* CurrentWeather.swift in Sources */ = {isa = PBXBuildFile; fileRef = BF5E355D221D81EA0059EEDB /* CurrentWeather.swift */; };
		BF771191221A08B6005C6351 /* AppDelegate.swift in Sources */ = {isa = PBXBuildFile; fileRef = BF771190221A08B6005C6351 /* AppDelegate.swift */; };
		BF771193221A08B6005C6351 /* WeatherVC.swift in Sources */ = {isa = PBXBuildFile; fileRef = BF771192221A08B6005C6351 /* WeatherVC.swift */; };
		BF771196221A08B6005C6351 /* Main.storyboard in Resources */ = {isa = PBXBuildFile; fileRef = BF771194221A08B6005C6351 /* Main.storyboard */; };
		BF771198221A08B7005C6351 /* Assets.xcassets in Resources */ = {isa = PBXBuildFile; fileRef = BF771197221A08B7005C6351 /* Assets.xcassets */; };
		BF77119B221A08B7005C6351 /* LaunchScreen.storyboard in Resources */ = {isa = PBXBuildFile; fileRef = BF771199221A08B7005C6351 /* LaunchScreen.storyboard */; };
		BF7711A6221A08B7005C6351 /* rainyshinycloudyTests.swift in Sources */ = {isa = PBXBuildFile; fileRef = BF7711A5221A08B7005C6351 /* rainyshinycloudyTests.swift */; };
		BF7711B1221A08B8005C6351 /* rainyshinycloudyUITests.swift in Sources */ = {isa = PBXBuildFile; fileRef = BF7711B0221A08B7005C6351 /* rainyshinycloudyUITests.swift */; };
		E813BECB2233C30100716AD0 /* Location.swift in Sources */ = {isa = PBXBuildFile; fileRef = E813BECA2233C30100716AD0 /* Location.swift */; };
		E819BEAA223033B4006F781B /* Forecast.swift in Sources */ = {isa = PBXBuildFile; fileRef = E819BEA9223033B4006F781B /* Forecast.swift */; };
		E8360CE32231895300AC96D2 /* WeatherCell.swift in Sources */ = {isa = PBXBuildFile; fileRef = E8360CE22231895200AC96D2 /* WeatherCell.swift */; };
/* End PBXBuildFile section */

/* Begin PBXContainerItemProxy section */
		BF7711A2221A08B7005C6351 /* PBXContainerItemProxy */ = {
			isa = PBXContainerItemProxy;
			containerPortal = BF771185221A08B6005C6351 /* Project object */;
			proxyType = 1;
			remoteGlobalIDString = BF77118C221A08B6005C6351;
			remoteInfo = rainyshinycloudy;
		};
		BF7711AD221A08B7005C6351 /* PBXContainerItemProxy */ = {
			isa = PBXContainerItemProxy;
			containerPortal = BF771185221A08B6005C6351 /* Project object */;
			proxyType = 1;
			remoteGlobalIDString = BF77118C221A08B6005C6351;
			remoteInfo = rainyshinycloudy;
		};
/* End PBXContainerItemProxy section */

/* Begin PBXFileReference section */
		02310B11FB7DA3720F31C224 /* Pods_rainyshinycloudy_rainyshinycloudyTests.framework */ = {isa = PBXFileReference; explicitFileType = wrapper.framework; includeInIndex = 0; path = Pods_rainyshinycloudy_rainyshinycloudyTests.framework; sourceTree = BUILT_PRODUCTS_DIR; };
		1A371B87172A2CD406AB8247 /* Pods_rainyshinycloudy.framework */ = {isa = PBXFileReference; explicitFileType = wrapper.framework; includeInIndex = 0; path = Pods_rainyshinycloudy.framework; sourceTree = BUILT_PRODUCTS_DIR; };
		743ACFD415B9C61B511393A5 /* Pods-rainyshinycloudy.release.xcconfig */ = {isa = PBXFileReference; includeInIndex = 1; lastKnownFileType = text.xcconfig; name = "Pods-rainyshinycloudy.release.xcconfig"; path = "Target Support Files/Pods-rainyshinycloudy/Pods-rainyshinycloudy.release.xcconfig"; sourceTree = "<group>"; };
		886BADD064435ED4B29904F4 /* Pods-rainyshinycloudy.debug.xcconfig */ = {isa = PBXFileReference; includeInIndex = 1; lastKnownFileType = text.xcconfig; name = "Pods-rainyshinycloudy.debug.xcconfig"; path = "Target Support Files/Pods-rainyshinycloudy/Pods-rainyshinycloudy.debug.xcconfig"; sourceTree = "<group>"; };
		BF5E355B221D7BA30059EEDB /* Constants.swift */ = {isa = PBXFileReference; lastKnownFileType = sourcecode.swift; path = Constants.swift; sourceTree = "<group>"; };
		BF5E355D221D81EA0059EEDB /* CurrentWeather.swift */ = {isa = PBXFileReference; lastKnownFileType = sourcecode.swift; path = CurrentWeather.swift; sourceTree = "<group>"; };
		BF77118D221A08B6005C6351 /* rainyshinycloudy.app */ = {isa = PBXFileReference; explicitFileType = wrapper.application; includeInIndex = 0; path = rainyshinycloudy.app; sourceTree = BUILT_PRODUCTS_DIR; };
		BF771190221A08B6005C6351 /* AppDelegate.swift */ = {isa = PBXFileReference; lastKnownFileType = sourcecode.swift; path = AppDelegate.swift; sourceTree = "<group>"; };
		BF771192221A08B6005C6351 /* WeatherVC.swift */ = {isa = PBXFileReference; lastKnownFileType = sourcecode.swift; path = WeatherVC.swift; sourceTree = "<group>"; };
		BF771195221A08B6005C6351 /* Base */ = {isa = PBXFileReference; lastKnownFileType = file.storyboard; name = Base; path = Base.lproj/Main.storyboard; sourceTree = "<group>"; };
		BF771197221A08B7005C6351 /* Assets.xcassets */ = {isa = PBXFileReference; lastKnownFileType = folder.assetcatalog; path = Assets.xcassets; sourceTree = "<group>"; };
		BF77119A221A08B7005C6351 /* Base */ = {isa = PBXFileReference; lastKnownFileType = file.storyboard; name = Base; path = Base.lproj/LaunchScreen.storyboard; sourceTree = "<group>"; };
		BF77119C221A08B7005C6351 /* Info.plist */ = {isa = PBXFileReference; lastKnownFileType = text.plist.xml; path = Info.plist; sourceTree = "<group>"; };
		BF7711A1221A08B7005C6351 /* rainyshinycloudyTests.xctest */ = {isa = PBXFileReference; explicitFileType = wrapper.cfbundle; includeInIndex = 0; path = rainyshinycloudyTests.xctest; sourceTree = BUILT_PRODUCTS_DIR; };
		BF7711A5221A08B7005C6351 /* rainyshinycloudyTests.swift */ = {isa = PBXFileReference; lastKnownFileType = sourcecode.swift; path = rainyshinycloudyTests.swift; sourceTree = "<group>"; };
		BF7711A7221A08B7005C6351 /* Info.plist */ = {isa = PBXFileReference; lastKnownFileType = text.plist.xml; path = Info.plist; sourceTree = "<group>"; };
		BF7711AC221A08B7005C6351 /* rainyshinycloudyUITests.xctest */ = {isa = PBXFileReference; explicitFileType = wrapper.cfbundle; includeInIndex = 0; path = rainyshinycloudyUITests.xctest; sourceTree = BUILT_PRODUCTS_DIR; };
		BF7711B0221A08B7005C6351 /* rainyshinycloudyUITests.swift */ = {isa = PBXFileReference; lastKnownFileType = sourcecode.swift; path = rainyshinycloudyUITests.swift; sourceTree = "<group>"; };
		BF7711B2221A08B8005C6351 /* Info.plist */ = {isa = PBXFileReference; lastKnownFileType = text.plist.xml; path = Info.plist; sourceTree = "<group>"; };
		E813BECA2233C30100716AD0 /* Location.swift */ = {isa = PBXFileReference; lastKnownFileType = sourcecode.swift; path = Location.swift; sourceTree = "<group>"; };
		E819BEA9223033B4006F781B /* Forecast.swift */ = {isa = PBXFileReference; lastKnownFileType = sourcecode.swift; path = Forecast.swift; sourceTree = "<group>"; };
		E8360CE22231895200AC96D2 /* WeatherCell.swift */ = {isa = PBXFileReference; lastKnownFileType = sourcecode.swift; path = WeatherCell.swift; sourceTree = "<group>"; };
/* End PBXFileReference section */

/* Begin PBXFrameworksBuildPhase section */
		BF77118A221A08B6005C6351 /* Frameworks */ = {
			isa = PBXFrameworksBuildPhase;
			buildActionMask = 2147483647;
			files = (
				A13C05CFF48A82574FC37840 /* Pods_rainyshinycloudy.framework in Frameworks */,
			);
			runOnlyForDeploymentPostprocessing = 0;
		};
		BF77119E221A08B7005C6351 /* Frameworks */ = {
			isa = PBXFrameworksBuildPhase;
			buildActionMask = 2147483647;
			files = (
			);
			runOnlyForDeploymentPostprocessing = 0;
		};
		BF7711A9221A08B7005C6351 /* Frameworks */ = {
			isa = PBXFrameworksBuildPhase;
			buildActionMask = 2147483647;
			files = (
			);
			runOnlyForDeploymentPostprocessing = 0;
		};
/* End PBXFrameworksBuildPhase section */

/* Begin PBXGroup section */
		13366D10A4476E776C059DDA /* Frameworks */ = {
			isa = PBXGroup;
			children = (
				1A371B87172A2CD406AB8247 /* Pods_rainyshinycloudy.framework */,
				02310B11FB7DA3720F31C224 /* Pods_rainyshinycloudy_rainyshinycloudyTests.framework */,
			);
			name = Frameworks;
			sourceTree = "<group>";
		};
		214D54097DB39E4568F029D8 /* Pods */ = {
			isa = PBXGroup;
			children = (
				886BADD064435ED4B29904F4 /* Pods-rainyshinycloudy.debug.xcconfig */,
				743ACFD415B9C61B511393A5 /* Pods-rainyshinycloudy.release.xcconfig */,
			);
			path = Pods;
			sourceTree = "<group>";
		};
		BF771184221A08B6005C6351 = {
			isa = PBXGroup;
			children = (
				BF77118F221A08B6005C6351 /* rainyshinycloudy */,
				BF7711A4221A08B7005C6351 /* rainyshinycloudyTests */,
				BF7711AF221A08B7005C6351 /* rainyshinycloudyUITests */,
				BF77118E221A08B6005C6351 /* Products */,
				214D54097DB39E4568F029D8 /* Pods */,
				13366D10A4476E776C059DDA /* Frameworks */,
			);
			sourceTree = "<group>";
		};
		BF77118E221A08B6005C6351 /* Products */ = {
			isa = PBXGroup;
			children = (
				BF77118D221A08B6005C6351 /* rainyshinycloudy.app */,
				BF7711A1221A08B7005C6351 /* rainyshinycloudyTests.xctest */,
				BF7711AC221A08B7005C6351 /* rainyshinycloudyUITests.xctest */,
			);
			name = Products;
			sourceTree = "<group>";
		};
		BF77118F221A08B6005C6351 /* rainyshinycloudy */ = {
			isa = PBXGroup;
			children = (
				BF771190221A08B6005C6351 /* AppDelegate.swift */,
				BF771192221A08B6005C6351 /* WeatherVC.swift */,
				BF771194221A08B6005C6351 /* Main.storyboard */,
				BF771197221A08B7005C6351 /* Assets.xcassets */,
				BF771199221A08B7005C6351 /* LaunchScreen.storyboard */,
				BF77119C221A08B7005C6351 /* Info.plist */,
				BF5E355B221D7BA30059EEDB /* Constants.swift */,
				BF5E355D221D81EA0059EEDB /* CurrentWeather.swift */,
				E819BEA9223033B4006F781B /* Forecast.swift */,
				E8360CE22231895200AC96D2 /* WeatherCell.swift */,
				E813BECA2233C30100716AD0 /* Location.swift */,
			);
			path = rainyshinycloudy;
			sourceTree = "<group>";
		};
		BF7711A4221A08B7005C6351 /* rainyshinycloudyTests */ = {
			isa = PBXGroup;
			children = (
				BF7711A5221A08B7005C6351 /* rainyshinycloudyTests.swift */,
				BF7711A7221A08B7005C6351 /* Info.plist */,
			);
			path = rainyshinycloudyTests;
			sourceTree = "<group>";
		};
		BF7711AF221A08B7005C6351 /* rainyshinycloudyUITests */ = {
			isa = PBXGroup;
			children = (
				BF7711B0221A08B7005C6351 /* rainyshinycloudyUITests.swift */,
				BF7711B2221A08B8005C6351 /* Info.plist */,
			);
			path = rainyshinycloudyUITests;
			sourceTree = "<group>";
		};
/* End PBXGroup section */

/* Begin PBXNativeTarget section */
		BF77118C221A08B6005C6351 /* rainyshinycloudy */ = {
			isa = PBXNativeTarget;
			buildConfigurationList = BF7711B5221A08B8005C6351 /* Build configuration list for PBXNativeTarget "rainyshinycloudy" */;
			buildPhases = (
				6B7FEE72AECA1B9687279BE3 /* [CP] Check Pods Manifest.lock */,
				BF771189221A08B6005C6351 /* Sources */,
				BF77118A221A08B6005C6351 /* Frameworks */,
				BF77118B221A08B6005C6351 /* Resources */,
				FC904FCDCD48AB725394E8B6 /* [CP] Embed Pods Frameworks */,
			);
			buildRules = (
			);
			dependencies = (
			);
			name = rainyshinycloudy;
			productName = rainyshinycloudy;
			productReference = BF77118D221A08B6005C6351 /* rainyshinycloudy.app */;
			productType = "com.apple.product-type.application";
		};
		BF7711A0221A08B7005C6351 /* rainyshinycloudyTests */ = {
			isa = PBXNativeTarget;
			buildConfigurationList = BF7711B8221A08B8005C6351 /* Build configuration list for PBXNativeTarget "rainyshinycloudyTests" */;
			buildPhases = (
				BF77119D221A08B7005C6351 /* Sources */,
				BF77119E221A08B7005C6351 /* Frameworks */,
				BF77119F221A08B7005C6351 /* Resources */,
			);
			buildRules = (
			);
			dependencies = (
				BF7711A3221A08B7005C6351 /* PBXTargetDependency */,
			);
			name = rainyshinycloudyTests;
			productName = rainyshinycloudyTests;
			productReference = BF7711A1221A08B7005C6351 /* rainyshinycloudyTests.xctest */;
			productType = "com.apple.product-type.bundle.unit-test";
		};
		BF7711AB221A08B7005C6351 /* rainyshinycloudyUITests */ = {
			isa = PBXNativeTarget;
			buildConfigurationList = BF7711BB221A08B8005C6351 /* Build configuration list for PBXNativeTarget "rainyshinycloudyUITests" */;
			buildPhases = (
				BF7711A8221A08B7005C6351 /* Sources */,
				BF7711A9221A08B7005C6351 /* Frameworks */,
				BF7711AA221A08B7005C6351 /* Resources */,
			);
			buildRules = (
			);
			dependencies = (
				BF7711AE221A08B7005C6351 /* PBXTargetDependency */,
			);
			name = rainyshinycloudyUITests;
			productName = rainyshinycloudyUITests;
			productReference = BF7711AC221A08B7005C6351 /* rainyshinycloudyUITests.xctest */;
			productType = "com.apple.product-type.bundle.ui-testing";
		};
/* End PBXNativeTarget section */

/* Begin PBXProject section */
		BF771185221A08B6005C6351 /* Project object */ = {
			isa = PBXProject;
			attributes = {
				LastSwiftUpdateCheck = 1010;
				LastUpgradeCheck = 1010;
				ORGANIZATIONNAME = "Teodora Knežević";
				TargetAttributes = {
					BF77118C221A08B6005C6351 = {
						CreatedOnToolsVersion = 10.1;
					};
					BF7711A0221A08B7005C6351 = {
						CreatedOnToolsVersion = 10.1;
						TestTargetID = BF77118C221A08B6005C6351;
					};
					BF7711AB221A08B7005C6351 = {
						CreatedOnToolsVersion = 10.1;
						TestTargetID = BF77118C221A08B6005C6351;
					};
				};
			};
			buildConfigurationList = BF771188221A08B6005C6351 /* Build configuration list for PBXProject "rainyshinycloudy" */;
			compatibilityVersion = "Xcode 9.3";
			developmentRegion = en;
			hasScannedForEncodings = 0;
			knownRegions = (
				en,
				Base,
			);
			mainGroup = BF771184221A08B6005C6351;
			productRefGroup = BF77118E221A08B6005C6351 /* Products */;
			projectDirPath = "";
			projectRoot = "";
			targets = (
				BF77118C221A08B6005C6351 /* rainyshinycloudy */,
				BF7711A0221A08B7005C6351 /* rainyshinycloudyTests */,
				BF7711AB221A08B7005C6351 /* rainyshinycloudyUITests */,
			);
		};
/* End PBXProject section */

/* Begin PBXResourcesBuildPhase section */
		BF77118B221A08B6005C6351 /* Resources */ = {
			isa = PBXResourcesBuildPhase;
			buildActionMask = 2147483647;
			files = (
				BF77119B221A08B7005C6351 /* LaunchScreen.storyboard in Resources */,
				BF771198221A08B7005C6351 /* Assets.xcassets in Resources */,
				BF771196221A08B6005C6351 /* Main.storyboard in Resources */,
			);
			runOnlyForDeploymentPostprocessing = 0;
		};
		BF77119F221A08B7005C6351 /* Resources */ = {
			isa = PBXResourcesBuildPhase;
			buildActionMask = 2147483647;
			files = (
			);
			runOnlyForDeploymentPostprocessing = 0;
		};
		BF7711AA221A08B7005C6351 /* Resources */ = {
			isa = PBXResourcesBuildPhase;
			buildActionMask = 2147483647;
			files = (
			);
			runOnlyForDeploymentPostprocessing = 0;
		};
/* End PBXResourcesBuildPhase section */

/* Begin PBXShellScriptBuildPhase section */
		6B7FEE72AECA1B9687279BE3 /* [CP] Check Pods Manifest.lock */ = {
			isa = PBXShellScriptBuildPhase;
			buildActionMask = 2147483647;
			files = (
			);
			inputFileListPaths = (
			);
			inputPaths = (
				"${PODS_PODFILE_DIR_PATH}/Podfile.lock",
				"${PODS_ROOT}/Manifest.lock",
			);
			name = "[CP] Check Pods Manifest.lock";
			outputFileListPaths = (
			);
			outputPaths = (
				"$(DERIVED_FILE_DIR)/Pods-rainyshinycloudy-checkManifestLockResult.txt",
			);
			runOnlyForDeploymentPostprocessing = 0;
			shellPath = /bin/sh;
			shellScript = "diff \"${PODS_PODFILE_DIR_PATH}/Podfile.lock\" \"${PODS_ROOT}/Manifest.lock\" > /dev/null\nif [ $? != 0 ] ; then\n    # print error to STDERR\n    echo \"error: The sandbox is not in sync with the Podfile.lock. Run 'pod install' or update your CocoaPods installation.\" >&2\n    exit 1\nfi\n# This output is used by Xcode 'outputs' to avoid re-running this script phase.\necho \"SUCCESS\" > \"${SCRIPT_OUTPUT_FILE_0}\"\n";
			showEnvVarsInLog = 0;
		};
		FC904FCDCD48AB725394E8B6 /* [CP] Embed Pods Frameworks */ = {
			isa = PBXShellScriptBuildPhase;
			buildActionMask = 2147483647;
			files = (
			);
			inputFileListPaths = (
			);
			inputPaths = (
				"${PODS_ROOT}/Target Support Files/Pods-rainyshinycloudy/Pods-rainyshinycloudy-frameworks.sh",
				"${BUILT_PRODUCTS_DIR}/Alamofire/Alamofire.framework",
			);
			name = "[CP] Embed Pods Frameworks";
			outputFileListPaths = (
			);
			outputPaths = (
				"${TARGET_BUILD_DIR}/${FRAMEWORKS_FOLDER_PATH}/Alamofire.framework",
			);
			runOnlyForDeploymentPostprocessing = 0;
			shellPath = /bin/sh;
			shellScript = "\"${PODS_ROOT}/Target Support Files/Pods-rainyshinycloudy/Pods-rainyshinycloudy-frameworks.sh\"\n";
			showEnvVarsInLog = 0;
		};
/* End PBXShellScriptBuildPhase section */

/* Begin PBXSourcesBuildPhase section */
		BF771189221A08B6005C6351 /* Sources */ = {
			isa = PBXSourcesBuildPhase;
			buildActionMask = 2147483647;
			files = (
				BF771193221A08B6005C6351 /* WeatherVC.swift in Sources */,
				BF771191221A08B6005C6351 /* AppDelegate.swift in Sources */,
				E8360CE32231895300AC96D2 /* WeatherCell.swift in Sources */,
				BF5E355E221D81EA0059EEDB /* CurrentWeather.swift in Sources */,
				BF5E355C221D7BA30059EEDB /* Constants.swift in Sources */,
				E819BEAA223033B4006F781B /* Forecast.swift in Sources */,
				E813BECB2233C30100716AD0 /* Location.swift in Sources */,
			);
			runOnlyForDeploymentPostprocessing = 0;
		};
		BF77119D221A08B7005C6351 /* Sources */ = {
			isa = PBXSourcesBuildPhase;
			buildActionMask = 2147483647;
			files = (
				BF7711A6221A08B7005C6351 /* rainyshinycloudyTests.swift in Sources */,
			);
			runOnlyForDeploymentPostprocessing = 0;
		};
		BF7711A8221A08B7005C6351 /* Sources */ = {
			isa = PBXSourcesBuildPhase;
			buildActionMask = 2147483647;
			files = (
				BF7711B1221A08B8005C6351 /* rainyshinycloudyUITests.swift in Sources */,
			);
			runOnlyForDeploymentPostprocessing = 0;
		};
/* End PBXSourcesBuildPhase section */

/* Begin PBXTargetDependency section */
		BF7711A3221A08B7005C6351 /* PBXTargetDependency */ = {
			isa = PBXTargetDependency;
			target = BF77118C221A08B6005C6351 /* rainyshinycloudy */;
			targetProxy = BF7711A2221A08B7005C6351 /* PBXContainerItemProxy */;
		};
		BF7711AE221A08B7005C6351 /* PBXTargetDependency */ = {
			isa = PBXTargetDependency;
			target = BF77118C221A08B6005C6351 /* rainyshinycloudy */;
			targetProxy = BF7711AD221A08B7005C6351 /* PBXContainerItemProxy */;
		};
/* End PBXTargetDependency section */

/* Begin PBXVariantGroup section */
		BF771194221A08B6005C6351 /* Main.storyboard */ = {
			isa = PBXVariantGroup;
			children = (
				BF771195221A08B6005C6351 /* Base */,
			);
			name = Main.storyboard;
			sourceTree = "<group>";
		};
		BF771199221A08B7005C6351 /* LaunchScreen.storyboard */ = {
			isa = PBXVariantGroup;
			children = (
				BF77119A221A08B7005C6351 /* Base */,
			);
			name = LaunchScreen.storyboard;
			sourceTree = "<group>";
		};
/* End PBXVariantGroup section */

/* Begin XCBuildConfiguration section */
		BF7711B3221A08B8005C6351 /* Debug */ = {
			isa = XCBuildConfiguration;
			buildSettings = {
				ALWAYS_SEARCH_USER_PATHS = NO;
				CLANG_ANALYZER_NONNULL = YES;
				CLANG_ANALYZER_NUMBER_OBJECT_CONVERSION = YES_AGGRESSIVE;
				CLANG_CXX_LANGUAGE_STANDARD = "gnu++14";
				CLANG_CXX_LIBRARY = "libc++";
				CLANG_ENABLE_MODULES = YES;
				CLANG_ENABLE_OBJC_ARC = YES;
				CLANG_ENABLE_OBJC_WEAK = YES;
				CLANG_WARN_BLOCK_CAPTURE_AUTORELEASING = YES;
				CLANG_WARN_BOOL_CONVERSION = YES;
				CLANG_WARN_COMMA = YES;
				CLANG_WARN_CONSTANT_CONVERSION = YES;
				CLANG_WARN_DEPRECATED_OBJC_IMPLEMENTATIONS = YES;
				CLANG_WARN_DIRECT_OBJC_ISA_USAGE = YES_ERROR;
				CLANG_WARN_DOCUMENTATION_COMMENTS = YES;
				CLANG_WARN_EMPTY_BODY = YES;
				CLANG_WARN_ENUM_CONVERSION = YES;
				CLANG_WARN_INFINITE_RECURSION = YES;
				CLANG_WARN_INT_CONVERSION = YES;
				CLANG_WARN_NON_LITERAL_NULL_CONVERSION = YES;
				CLANG_WARN_OBJC_IMPLICIT_RETAIN_SELF = YES;
				CLANG_WARN_OBJC_LITERAL_CONVERSION = YES;
				CLANG_WARN_OBJC_ROOT_CLASS = YES_ERROR;
				CLANG_WARN_RANGE_LOOP_ANALYSIS = YES;
				CLANG_WARN_STRICT_PROTOTYPES = YES;
				CLANG_WARN_SUSPICIOUS_MOVE = YES;
				CLANG_WARN_UNGUARDED_AVAILABILITY = YES_AGGRESSIVE;
				CLANG_WARN_UNREACHABLE_CODE = YES;
				CLANG_WARN__DUPLICATE_METHOD_MATCH = YES;
				CODE_SIGN_IDENTITY = "iPhone Developer";
				COPY_PHASE_STRIP = NO;
				DEBUG_INFORMATION_FORMAT = dwarf;
				ENABLE_STRICT_OBJC_MSGSEND = YES;
				ENABLE_TESTABILITY = YES;
				GCC_C_LANGUAGE_STANDARD = gnu11;
				GCC_DYNAMIC_NO_PIC = NO;
				GCC_NO_COMMON_BLOCKS = YES;
				GCC_OPTIMIZATION_LEVEL = 0;
				GCC_PREPROCESSOR_DEFINITIONS = (
					"DEBUG=1",
					"$(inherited)",
				);
				GCC_WARN_64_TO_32_BIT_CONVERSION = YES;
				GCC_WARN_ABOUT_RETURN_TYPE = YES_ERROR;
				GCC_WARN_UNDECLARED_SELECTOR = YES;
				GCC_WARN_UNINITIALIZED_AUTOS = YES_AGGRESSIVE;
				GCC_WARN_UNUSED_FUNCTION = YES;
				GCC_WARN_UNUSED_VARIABLE = YES;
				IPHONEOS_DEPLOYMENT_TARGET = 12.1;
				MTL_ENABLE_DEBUG_INFO = INCLUDE_SOURCE;
				MTL_FAST_MATH = YES;
				ONLY_ACTIVE_ARCH = YES;
				SDKROOT = iphoneos;
				SWIFT_ACTIVE_COMPILATION_CONDITIONS = DEBUG;
				SWIFT_OPTIMIZATION_LEVEL = "-Onone";
			};
			name = Debug;
		};
		BF7711B4221A08B8005C6351 /* Release */ = {
			isa = XCBuildConfiguration;
			buildSettings = {
				ALWAYS_SEARCH_USER_PATHS = NO;
				CLANG_ANALYZER_NONNULL = YES;
				CLANG_ANALYZER_NUMBER_OBJECT_CONVERSION = YES_AGGRESSIVE;
				CLANG_CXX_LANGUAGE_STANDARD = "gnu++14";
				CLANG_CXX_LIBRARY = "libc++";
				CLANG_ENABLE_MODULES = YES;
				CLANG_ENABLE_OBJC_ARC = YES;
				CLANG_ENABLE_OBJC_WEAK = YES;
				CLANG_WARN_BLOCK_CAPTURE_AUTORELEASING = YES;
				CLANG_WARN_BOOL_CONVERSION = YES;
				CLANG_WARN_COMMA = YES;
				CLANG_WARN_CONSTANT_CONVERSION = YES;
				CLANG_WARN_DEPRECATED_OBJC_IMPLEMENTATIONS = YES;
				CLANG_WARN_DIRECT_OBJC_ISA_USAGE = YES_ERROR;
				CLANG_WARN_DOCUMENTATION_COMMENTS = YES;
				CLANG_WARN_EMPTY_BODY = YES;
				CLANG_WARN_ENUM_CONVERSION = YES;
				CLANG_WARN_INFINITE_RECURSION = YES;
				CLANG_WARN_INT_CONVERSION = YES;
				CLANG_WARN_NON_LITERAL_NULL_CONVERSION = YES;
				CLANG_WARN_OBJC_IMPLICIT_RETAIN_SELF = YES;
				CLANG_WARN_OBJC_LITERAL_CONVERSION = YES;
				CLANG_WARN_OBJC_ROOT_CLASS = YES_ERROR;
				CLANG_WARN_RANGE_LOOP_ANALYSIS = YES;
				CLANG_WARN_STRICT_PROTOTYPES = YES;
				CLANG_WARN_SUSPICIOUS_MOVE = YES;
				CLANG_WARN_UNGUARDED_AVAILABILITY = YES_AGGRESSIVE;
				CLANG_WARN_UNREACHABLE_CODE = YES;
				CLANG_WARN__DUPLICATE_METHOD_MATCH = YES;
				CODE_SIGN_IDENTITY = "iPhone Developer";
				COPY_PHASE_STRIP = NO;
				DEBUG_INFORMATION_FORMAT = "dwarf-with-dsym";
				ENABLE_NS_ASSERTIONS = NO;
				ENABLE_STRICT_OBJC_MSGSEND = YES;
				GCC_C_LANGUAGE_STANDARD = gnu11;
				GCC_NO_COMMON_BLOCKS = YES;
				GCC_WARN_64_TO_32_BIT_CONVERSION = YES;
				GCC_WARN_ABOUT_RETURN_TYPE = YES_ERROR;
				GCC_WARN_UNDECLARED_SELECTOR = YES;
				GCC_WARN_UNINITIALIZED_AUTOS = YES_AGGRESSIVE;
				GCC_WARN_UNUSED_FUNCTION = YES;
				GCC_WARN_UNUSED_VARIABLE = YES;
				IPHONEOS_DEPLOYMENT_TARGET = 12.1;
				MTL_ENABLE_DEBUG_INFO = NO;
				MTL_FAST_MATH = YES;
				SDKROOT = iphoneos;
				SWIFT_COMPILATION_MODE = wholemodule;
				SWIFT_OPTIMIZATION_LEVEL = "-O";
				VALIDATE_PRODUCT = YES;
			};
			name = Release;
		};
		BF7711B6221A08B8005C6351 /* Debug */ = {
			isa = XCBuildConfiguration;
			baseConfigurationReference = 886BADD064435ED4B29904F4 /* Pods-rainyshinycloudy.debug.xcconfig */;
			buildSettings = {
				ASSETCATALOG_COMPILER_APPICON_NAME = AppIcon;
				CODE_SIGN_STYLE = Automatic;
				DEVELOPMENT_TEAM = 8S83KJ7G8M;
				INFOPLIST_FILE = rainyshinycloudy/Info.plist;
				LD_RUNPATH_SEARCH_PATHS = (
					"$(inherited)",
					"@executable_path/Frameworks",
				);
				PRODUCT_BUNDLE_IDENTIFIER = com.teodora.rainyshinycloudy;
				PRODUCT_NAME = "$(TARGET_NAME)";
				SWIFT_VERSION = 4.2;
				TARGETED_DEVICE_FAMILY = 1;
			};
			name = Debug;
		};
		BF7711B7221A08B8005C6351 /* Release */ = {
			isa = XCBuildConfiguration;
			baseConfigurationReference = 743ACFD415B9C61B511393A5 /* Pods-rainyshinycloudy.release.xcconfig */;
			buildSettings = {
				ASSETCATALOG_COMPILER_APPICON_NAME = AppIcon;
				CODE_SIGN_STYLE = Automatic;
				DEVELOPMENT_TEAM = 8S83KJ7G8M;
				INFOPLIST_FILE = rainyshinycloudy/Info.plist;
				LD_RUNPATH_SEARCH_PATHS = (
					"$(inherited)",
					"@executable_path/Frameworks",
				);
				PRODUCT_BUNDLE_IDENTIFIER = com.teodora.rainyshinycloudy;
				PRODUCT_NAME = "$(TARGET_NAME)";
				SWIFT_VERSION = 4.2;
				TARGETED_DEVICE_FAMILY = 1;
			};
			name = Release;
		};
		BF7711B9221A08B8005C6351 /* Debug */ = {
			isa = XCBuildConfiguration;
			buildSettings = {
				ALWAYS_EMBED_SWIFT_STANDARD_LIBRARIES = YES;
				BUNDLE_LOADER = "$(TEST_HOST)";
				CODE_SIGN_STYLE = Automatic;
				DEVELOPMENT_TEAM = 8S83KJ7G8M;
				INFOPLIST_FILE = rainyshinycloudyTests/Info.plist;
				LD_RUNPATH_SEARCH_PATHS = (
					"$(inherited)",
					"@executable_path/Frameworks",
					"@loader_path/Frameworks",
				);
				PRODUCT_BUNDLE_IDENTIFIER = com.teodora.rainyshinycloudyTests;
				PRODUCT_NAME = "$(TARGET_NAME)";
				SWIFT_VERSION = 4.2;
				TARGETED_DEVICE_FAMILY = "1,2";
				TEST_HOST = "$(BUILT_PRODUCTS_DIR)/rainyshinycloudy.app/rainyshinycloudy";
			};
			name = Debug;
		};
		BF7711BA221A08B8005C6351 /* Release */ = {
			isa = XCBuildConfiguration;
			buildSettings = {
				ALWAYS_EMBED_SWIFT_STANDARD_LIBRARIES = YES;
				BUNDLE_LOADER = "$(TEST_HOST)";
				CODE_SIGN_STYLE = Automatic;
				DEVELOPMENT_TEAM = 8S83KJ7G8M;
				INFOPLIST_FILE = rainyshinycloudyTests/Info.plist;
				LD_RUNPATH_SEARCH_PATHS = (
					"$(inherited)",
					"@executable_path/Frameworks",
					"@loader_path/Frameworks",
				);
				PRODUCT_BUNDLE_IDENTIFIER = com.teodora.rainyshinycloudyTests;
				PRODUCT_NAME = "$(TARGET_NAME)";
				SWIFT_VERSION = 4.2;
				TARGETED_DEVICE_FAMILY = "1,2";
				TEST_HOST = "$(BUILT_PRODUCTS_DIR)/rainyshinycloudy.app/rainyshinycloudy";
			};
			name = Release;
		};
		BF7711BC221A08B8005C6351 /* Debug */ = {
			isa = XCBuildConfiguration;
			buildSettings = {
				ALWAYS_EMBED_SWIFT_STANDARD_LIBRARIES = YES;
				CODE_SIGN_STYLE = Automatic;
				DEVELOPMENT_TEAM = 8S83KJ7G8M;
				INFOPLIST_FILE = rainyshinycloudyUITests/Info.plist;
				LD_RUNPATH_SEARCH_PATHS = (
					"$(inherited)",
					"@executable_path/Frameworks",
					"@loader_path/Frameworks",
				);
				PRODUCT_BUNDLE_IDENTIFIER = com.teodora.rainyshinycloudyUITests;
				PRODUCT_NAME = "$(TARGET_NAME)";
				SWIFT_VERSION = 4.2;
				TARGETED_DEVICE_FAMILY = "1,2";
				TEST_TARGET_NAME = rainyshinycloudy;
			};
			name = Debug;
		};
		BF7711BD221A08B8005C6351 /* Release */ = {
			isa = XCBuildConfiguration;
			buildSettings = {
				ALWAYS_EMBED_SWIFT_STANDARD_LIBRARIES = YES;
				CODE_SIGN_STYLE = Automatic;
				DEVELOPMENT_TEAM = 8S83KJ7G8M;
				INFOPLIST_FILE = rainyshinycloudyUITests/Info.plist;
				LD_RUNPATH_SEARCH_PATHS = (
					"$(inherited)",
					"@executable_path/Frameworks",
					"@loader_path/Frameworks",
				);
				PRODUCT_BUNDLE_IDENTIFIER = com.teodora.rainyshinycloudyUITests;
				PRODUCT_NAME = "$(TARGET_NAME)";
				SWIFT_VERSION = 4.2;
				TARGETED_DEVICE_FAMILY = "1,2";
				TEST_TARGET_NAME = rainyshinycloudy;
			};
			name = Release;
		};
/* End XCBuildConfiguration section */

/* Begin XCConfigurationList section */
		BF771188221A08B6005C6351 /* Build configuration list for PBXProject "rainyshinycloudy" */ = {
			isa = XCConfigurationList;
			buildConfigurations = (
				BF7711B3221A08B8005C6351 /* Debug */,
				BF7711B4221A08B8005C6351 /* Release */,
			);
			defaultConfigurationIsVisible = 0;
			defaultConfigurationName = Release;
		};
		BF7711B5221A08B8005C6351 /* Build configuration list for PBXNativeTarget "rainyshinycloudy" */ = {
			isa = XCConfigurationList;
			buildConfigurations = (
				BF7711B6221A08B8005C6351 /* Debug */,
				BF7711B7221A08B8005C6351 /* Release */,
			);
			defaultConfigurationIsVisible = 0;
			defaultConfigurationName = Release;
		};
		BF7711B8221A08B8005C6351 /* Build configuration list for PBXNativeTarget "rainyshinycloudyTests" */ = {
			isa = XCConfigurationList;
			buildConfigurations = (
				BF7711B9221A08B8005C6351 /* Debug */,
				BF7711BA221A08B8005C6351 /* Release */,
			);
			defaultConfigurationIsVisible = 0;
			defaultConfigurationName = Release;
		};
		BF7711BB221A08B8005C6351 /* Build configuration list for PBXNativeTarget "rainyshinycloudyUITests" */ = {
			isa = XCConfigurationList;
			buildConfigurations = (
				BF7711BC221A08B8005C6351 /* Debug */,
				BF7711BD221A08B8005C6351 /* Release */,
			);
			defaultConfigurationIsVisible = 0;
			defaultConfigurationName = Release;
		};
/* End XCConfigurationList section */
	};
	rootObject = BF771185221A08B6005C6351 /* Project object */;
}
